
Microsoft Visual Studio Solution File, Format Version 12.00
# Visual Studio Version 17
VisualStudioVersion = 17.8.34330.188
MinimumVisualStudioVersion = 10.0.40219.1
Project("{FAE04EC0-301F-11D3-BF4B-00C04F79EFBC}") = "questão 2", "questão 2\questão 2.csproj", "{05C7411C-1B61-4AA2-8B4A-7BCF567CE6FC}"
EndProject
Global
	GlobalSection(SolutionConfigurationPlatforms) = preSolution
		Debug|Any CPU = Debug|Any CPU
		Release|Any CPU = Release|Any CPU
	EndGlobalSection
	GlobalSection(ProjectConfigurationPlatforms) = postSolution
		{05C7411C-1B61-4AA2-8B4A-7BCF567CE6FC}.Debug|Any CPU.ActiveCfg = Debug|Any CPU
		{05C7411C-1B61-4AA2-8B4A-7BCF567CE6FC}.Debug|Any CPU.Build.0 = Debug|Any CPU
		{05C7411C-1B61-4AA2-8B4A-7BCF567CE6FC}.Release|Any CPU.ActiveCfg = Release|Any CPU
		{05C7411C-1B61-4AA2-8B4A-7BCF567CE6FC}.Release|Any CPU.Build.0 = Release|Any CPU
	EndGlobalSection
	GlobalSection(SolutionProperties) = preSolution
		HideSolutionNode = FALSE
	EndGlobalSection
	GlobalSection(ExtensibilityGlobals) = postSolution
		SolutionGuid = {F117B54D-9E1A-4572-AF2A-93F92E4FFABA}
	EndGlobalSection
EndGlobal
