
Microsoft Visual Studio Solution File, Format Version 12.00
# Visual Studio Version 17
VisualStudioVersion = 17.8.34330.188
MinimumVisualStudioVersion = 10.0.40219.1
Project("{FAE04EC0-301F-11D3-BF4B-00C04F79EFBC}") = "questao 3", "questao 3\questao 3.csproj", "{FE556228-52C4-4271-B0E8-E2FABF366381}"
EndProject
Global
	GlobalSection(SolutionConfigurationPlatforms) = preSolution
		Debug|Any CPU = Debug|Any CPU
		Release|Any CPU = Release|Any CPU
	EndGlobalSection
	GlobalSection(ProjectConfigurationPlatforms) = postSolution
		{FE556228-52C4-4271-B0E8-E2FABF366381}.Debug|Any CPU.ActiveCfg = Debug|Any CPU
		{FE556228-52C4-4271-B0E8-E2FABF366381}.Debug|Any CPU.Build.0 = Debug|Any CPU
		{FE556228-52C4-4271-B0E8-E2FABF366381}.Release|Any CPU.ActiveCfg = Release|Any CPU
		{FE556228-52C4-4271-B0E8-E2FABF366381}.Release|Any CPU.Build.0 = Release|Any CPU
	EndGlobalSection
	GlobalSection(SolutionProperties) = preSolution
		HideSolutionNode = FALSE
	EndGlobalSection
	GlobalSection(ExtensibilityGlobals) = postSolution
		SolutionGuid = {1C5F25DA-0F61-4A9A-9E9D-2584D534EC7C}
	EndGlobalSection
EndGlobal
